
Microsoft Visual Studio Solution File, Format Version 12.00
# Visual Studio Version 17
VisualStudioVersion = 17.3.32804.467
MinimumVisualStudioVersion = 10.0.40219.1
Project("{9A19103F-16F7-4668-BE54-9A1E7A4F7556}") = "Store.Blazor", "Store.Blazor\Store.Blazor.csproj", "{B651A4FF-9133-406F-A577-6ADE81AD78D4}"
EndProject
Global
	GlobalSection(SolutionConfigurationPlatforms) = preSolution
		Debug|Any CPU = Debug|Any CPU
		Release|Any CPU = Release|Any CPU
	EndGlobalSection
	GlobalSection(ProjectConfigurationPlatforms) = postSolution
		{B651A4FF-9133-406F-A577-6ADE81AD78D4}.Debug|Any CPU.ActiveCfg = Debug|Any CPU
		{B651A4FF-9133-406F-A577-6ADE81AD78D4}.Debug|Any CPU.Build.0 = Debug|Any CPU
		{B651A4FF-9133-406F-A577-6ADE81AD78D4}.Release|Any CPU.ActiveCfg = Release|Any CPU
		{B651A4FF-9133-406F-A577-6ADE81AD78D4}.Release|Any CPU.Build.0 = Release|Any CPU
	EndGlobalSection
	GlobalSection(SolutionProperties) = preSolution
		HideSolutionNode = FALSE
	EndGlobalSection
	GlobalSection(ExtensibilityGlobals) = postSolution
		SolutionGuid = {2106ED9E-0C86-4586-B209-ADCA5EBDD227}
	EndGlobalSection
EndGlobal
